// !$*UTF8*$!
{
	archiveVersion = 1;
	classes = {
	};
	objectVersion = 50;
	objects = {

/* Begin PBXBuildFile section */
		830042AD248A589800F1D179 /* AppDelegate.swift in Sources */ = {isa = PBXBuildFile; fileRef = 830042AC248A589800F1D179 /* AppDelegate.swift */; };
		830042AF248A589800F1D179 /* SceneDelegate.swift in Sources */ = {isa = PBXBuildFile; fileRef = 830042AE248A589800F1D179 /* SceneDelegate.swift */; };
		830042B1248A589800F1D179 /* ViewController.swift in Sources */ = {isa = PBXBuildFile; fileRef = 830042B0248A589800F1D179 /* ViewController.swift */; };
		830042B4248A589800F1D179 /* Main.storyboard in Resources */ = {isa = PBXBuildFile; fileRef = 830042B2248A589800F1D179 /* Main.storyboard */; };
		830042B6248A589A00F1D179 /* Assets.xcassets in Resources */ = {isa = PBXBuildFile; fileRef = 830042B5248A589A00F1D179 /* Assets.xcassets */; };
		830042B9248A589A00F1D179 /* LaunchScreen.storyboard in Resources */ = {isa = PBXBuildFile; fileRef = 830042B7248A589A00F1D179 /* LaunchScreen.storyboard */; };
		830042C1248A598100F1D179 /* Hellbrunn25.jpg in Resources */ = {isa = PBXBuildFile; fileRef = 830042C0248A598100F1D179 /* Hellbrunn25.jpg */; };
		83EEB47F248F71B100C3CE7F /* Panorama.storyboard in Resources */ = {isa = PBXBuildFile; fileRef = 83EEB47E248F71B100C3CE7F /* Panorama.storyboard */; };
		83EEB481248F74A000C3CE7F /* PanoramaViewController.swift in Sources */ = {isa = PBXBuildFile; fileRef = 83EEB480248F74A000C3CE7F /* PanoramaViewController.swift */; };
/* End PBXBuildFile section */

/* Begin PBXFileReference section */
		830042A9248A589800F1D179 /* PanoView.app */ = {isa = PBXFileReference; explicitFileType = wrapper.application; includeInIndex = 0; path = PanoView.app; sourceTree = BUILT_PRODUCTS_DIR; };
		830042AC248A589800F1D179 /* AppDelegate.swift */ = {isa = PBXFileReference; lastKnownFileType = sourcecode.swift; path = AppDelegate.swift; sourceTree = "<group>"; };
		830042AE248A589800F1D179 /* SceneDelegate.swift */ = {isa = PBXFileReference; lastKnownFileType = sourcecode.swift; path = SceneDelegate.swift; sourceTree = "<group>"; };
		830042B0248A589800F1D179 /* ViewController.swift */ = {isa = PBXFileReference; lastKnownFileType = sourcecode.swift; path = ViewController.swift; sourceTree = "<group>"; };
		830042B3248A589800F1D179 /* Base */ = {isa = PBXFileReference; lastKnownFileType = file.storyboard; name = Base; path = Base.lproj/Main.storyboard; sourceTree = "<group>"; };
		830042B5248A589A00F1D179 /* Assets.xcassets */ = {isa = PBXFileReference; lastKnownFileType = folder.assetcatalog; path = Assets.xcassets; sourceTree = "<group>"; };
		830042B8248A589A00F1D179 /* Base */ = {isa = PBXFileReference; lastKnownFileType = file.storyboard; name = Base; path = Base.lproj/LaunchScreen.storyboard; sourceTree = "<group>"; };
		830042BA248A589A00F1D179 /* Info.plist */ = {isa = PBXFileReference; lastKnownFileType = text.plist.xml; path = Info.plist; sourceTree = "<group>"; };
		830042C0248A598100F1D179 /* Hellbrunn25.jpg */ = {isa = PBXFileReference; lastKnownFileType = image.jpeg; path = Hellbrunn25.jpg; sourceTree = "<group>"; };
		83EEB47E248F71B100C3CE7F /* Panorama.storyboard */ = {isa = PBXFileReference; lastKnownFileType = file.storyboard; path = Panorama.storyboard; sourceTree = "<group>"; };
		83EEB480248F74A000C3CE7F /* PanoramaViewController.swift */ = {isa = PBXFileReference; lastKnownFileType = sourcecode.swift; path = PanoramaViewController.swift; sourceTree = "<group>"; };
/* End PBXFileReference section */

/* Begin PBXFrameworksBuildPhase section */
		830042A6248A589800F1D179 /* Frameworks */ = {
			isa = PBXFrameworksBuildPhase;
			buildActionMask = 2147483647;
			files = (
			);
			runOnlyForDeploymentPostprocessing = 0;
		};
/* End PBXFrameworksBuildPhase section */

/* Begin PBXGroup section */
		830042A0248A589800F1D179 = {
			isa = PBXGroup;
			children = (
				830042AB248A589800F1D179 /* PanoView */,
				830042AA248A589800F1D179 /* Products */,
			);
			sourceTree = "<group>";
		};
		830042AA248A589800F1D179 /* Products */ = {
			isa = PBXGroup;
			children = (
				830042A9248A589800F1D179 /* PanoView.app */,
			);
			name = Products;
			sourceTree = "<group>";
		};
		830042AB248A589800F1D179 /* PanoView */ = {
			isa = PBXGroup;
			children = (
				830042AC248A589800F1D179 /* AppDelegate.swift */,
				830042AE248A589800F1D179 /* SceneDelegate.swift */,
				83EEB480248F74A000C3CE7F /* PanoramaViewController.swift */,
				830042B0248A589800F1D179 /* ViewController.swift */,
				830042B2248A589800F1D179 /* Main.storyboard */,
				83EEB47E248F71B100C3CE7F /* Panorama.storyboard */,
				830042B5248A589A00F1D179 /* Assets.xcassets */,
				830042C0248A598100F1D179 /* Hellbrunn25.jpg */,
				830042B7248A589A00F1D179 /* LaunchScreen.storyboard */,
				830042BA248A589A00F1D179 /* Info.plist */,
			);
			path = PanoView;
			sourceTree = "<group>";
		};
/* End PBXGroup section */

/* Begin PBXNativeTarget section */
		830042A8248A589800F1D179 /* PanoView */ = {
			isa = PBXNativeTarget;
			buildConfigurationList = 830042BD248A589A00F1D179 /* Build configuration list for PBXNativeTarget "PanoView" */;
			buildPhases = (
				830042A5248A589800F1D179 /* Sources */,
				830042A6248A589800F1D179 /* Frameworks */,
				830042A7248A589800F1D179 /* Resources */,
			);
			buildRules = (
			);
			dependencies = (
			);
			name = PanoView;
			productName = PanoView;
			productReference = 830042A9248A589800F1D179 /* PanoView.app */;
			productType = "com.apple.product-type.application";
		};
/* End PBXNativeTarget section */

/* Begin PBXProject section */
		830042A1248A589800F1D179 /* Project object */ = {
			isa = PBXProject;
			attributes = {
				LastSwiftUpdateCheck = 1150;
				LastUpgradeCheck = 1150;
				ORGANIZATIONNAME = "Muhammad Arif Setyo Aji";
				TargetAttributes = {
					830042A8248A589800F1D179 = {
						CreatedOnToolsVersion = 11.5;
					};
				};
			};
			buildConfigurationList = 830042A4248A589800F1D179 /* Build configuration list for PBXProject "PanoView" */;
			compatibilityVersion = "Xcode 9.3";
			developmentRegion = en;
			hasScannedForEncodings = 0;
			knownRegions = (
				en,
				Base,
			);
			mainGroup = 830042A0248A589800F1D179;
			productRefGroup = 830042AA248A589800F1D179 /* Products */;
			projectDirPath = "";
			projectRoot = "";
			targets = (
				830042A8248A589800F1D179 /* PanoView */,
			);
		};
/* End PBXProject section */

/* Begin PBXResourcesBuildPhase section */
		830042A7248A589800F1D179 /* Resources */ = {
			isa = PBXResourcesBuildPhase;
			buildActionMask = 2147483647;
			files = (
				830042B9248A589A00F1D179 /* LaunchScreen.storyboard in Resources */,
				830042B6248A589A00F1D179 /* Assets.xcassets in Resources */,
				830042B4248A589800F1D179 /* Main.storyboard in Resources */,
				830042C1248A598100F1D179 /* Hellbrunn25.jpg in Resources */,
				83EEB47F248F71B100C3CE7F /* Panorama.storyboard in Resources */,
			);
			runOnlyForDeploymentPostprocessing = 0;
		};
/* End PBXResourcesBuildPhase section */

/* Begin PBXSourcesBuildPhase section */
		830042A5248A589800F1D179 /* Sources */ = {
			isa = PBXSourcesBuildPhase;
			buildActionMask = 2147483647;
			files = (
				830042B1248A589800F1D179 /* ViewController.swift in Sources */,
				83EEB481248F74A000C3CE7F /* PanoramaViewController.swift in Sources */,
				830042AD248A589800F1D179 /* AppDelegate.swift in Sources */,
				830042AF248A589800F1D179 /* SceneDelegate.swift in Sources */,
			);
			runOnlyForDeploymentPostprocessing = 0;
		};
/* End PBXSourcesBuildPhase section */

/* Begin PBXVariantGroup section */
		830042B2248A589800F1D179 /* Main.storyboard */ = {
			isa = PBXVariantGroup;
			children = (
				830042B3248A589800F1D179 /* Base */,
			);
			name = Main.storyboard;
			sourceTree = "<group>";
		};
		830042B7248A589A00F1D179 /* LaunchScreen.storyboard */ = {
			isa = PBXVariantGroup;
			children = (
				830042B8248A589A00F1D179 /* Base */,
			);
			name = LaunchScreen.storyboard;
			sourceTree = "<group>";
		};
/* End PBXVariantGroup section */

/* Begin XCBuildConfiguration section */
		830042BB248A589A00F1D179 /* Debug */ = {
			isa = XCBuildConfiguration;
			buildSettings = {
				ALWAYS_SEARCH_USER_PATHS = NO;
				CLANG_ANALYZER_NONNULL = YES;
				CLANG_ANALYZER_NUMBER_OBJECT_CONVERSION = YES_AGGRESSIVE;
				CLANG_CXX_LANGUAGE_STANDARD = "gnu++14";
				CLANG_CXX_LIBRARY = "libc++";
				CLANG_ENABLE_MODULES = YES;
				CLANG_ENABLE_OBJC_ARC = YES;
				CLANG_ENABLE_OBJC_WEAK = YES;
				CLANG_WARN_BLOCK_CAPTURE_AUTORELEASING = YES;
				CLANG_WARN_BOOL_CONVERSION = YES;
				CLANG_WARN_COMMA = YES;
				CLANG_WARN_CONSTANT_CONVERSION = YES;
				CLANG_WARN_DEPRECATED_OBJC_IMPLEMENTATIONS = YES;
				CLANG_WARN_DIRECT_OBJC_ISA_USAGE = YES_ERROR;
				CLANG_WARN_DOCUMENTATION_COMMENTS = YES;
				CLANG_WARN_EMPTY_BODY = YES;
				CLANG_WARN_ENUM_CONVERSION = YES;
				CLANG_WARN_INFINITE_RECURSION = YES;
				CLANG_WARN_INT_CONVERSION = YES;
				CLANG_WARN_NON_LITERAL_NULL_CONVERSION = YES;
				CLANG_WARN_OBJC_IMPLICIT_RETAIN_SELF = YES;
				CLANG_WARN_OBJC_LITERAL_CONVERSION = YES;
				CLANG_WARN_OBJC_ROOT_CLASS = YES_ERROR;
				CLANG_WARN_RANGE_LOOP_ANALYSIS = YES;
				CLANG_WARN_STRICT_PROTOTYPES = YES;
				CLANG_WARN_SUSPICIOUS_MOVE = YES;
				CLANG_WARN_UNGUARDED_AVAILABILITY = YES_AGGRESSIVE;
				CLANG_WARN_UNREACHABLE_CODE = YES;
				CLANG_WARN__DUPLICATE_METHOD_MATCH = YES;
				COPY_PHASE_STRIP = NO;
				DEBUG_INFORMATION_FORMAT = dwarf;
				ENABLE_STRICT_OBJC_MSGSEND = YES;
				ENABLE_TESTABILITY = YES;
				GCC_C_LANGUAGE_STANDARD = gnu11;
				GCC_DYNAMIC_NO_PIC = NO;
				GCC_NO_COMMON_BLOCKS = YES;
				GCC_OPTIMIZATION_LEVEL = 0;
				GCC_PREPROCESSOR_DEFINITIONS = (
					"DEBUG=1",
					"$(inherited)",
				);
				GCC_WARN_64_TO_32_BIT_CONVERSION = YES;
				GCC_WARN_ABOUT_RETURN_TYPE = YES_ERROR;
				GCC_WARN_UNDECLARED_SELECTOR = YES;
				GCC_WARN_UNINITIALIZED_AUTOS = YES_AGGRESSIVE;
				GCC_WARN_UNUSED_FUNCTION = YES;
				GCC_WARN_UNUSED_VARIABLE = YES;
				IPHONEOS_DEPLOYMENT_TARGET = 13.0;
				MTL_ENABLE_DEBUG_INFO = INCLUDE_SOURCE;
				MTL_FAST_MATH = YES;
				ONLY_ACTIVE_ARCH = YES;
				SDKROOT = iphoneos;
				SWIFT_ACTIVE_COMPILATION_CONDITIONS = DEBUG;
				SWIFT_OPTIMIZATION_LEVEL = "-Onone";
			};
			name = Debug;
		};
		830042BC248A589A00F1D179 /* Release */ = {
			isa = XCBuildConfiguration;
			buildSettings = {
				ALWAYS_SEARCH_USER_PATHS = NO;
				CLANG_ANALYZER_NONNULL = YES;
				CLANG_ANALYZER_NUMBER_OBJECT_CONVERSION = YES_AGGRESSIVE;
				CLANG_CXX_LANGUAGE_STANDARD = "gnu++14";
				CLANG_CXX_LIBRARY = "libc++";
				CLANG_ENABLE_MODULES = YES;
				CLANG_ENABLE_OBJC_ARC = YES;
				CLANG_ENABLE_OBJC_WEAK = YES;
				CLANG_WARN_BLOCK_CAPTURE_AUTORELEASING = YES;
				CLANG_WARN_BOOL_CONVERSION = YES;
				CLANG_WARN_COMMA = YES;
				CLANG_WARN_CONSTANT_CONVERSION = YES;
				CLANG_WARN_DEPRECATED_OBJC_IMPLEMENTATIONS = YES;
				CLANG_WARN_DIRECT_OBJC_ISA_USAGE = YES_ERROR;
				CLANG_WARN_DOCUMENTATION_COMMENTS = YES;
				CLANG_WARN_EMPTY_BODY = YES;
				CLANG_WARN_ENUM_CONVERSION = YES;
				CLANG_WARN_INFINITE_RECURSION = YES;
				CLANG_WARN_INT_CONVERSION = YES;
				CLANG_WARN_NON_LITERAL_NULL_CONVERSION = YES;
				CLANG_WARN_OBJC_IMPLICIT_RETAIN_SELF = YES;
				CLANG_WARN_OBJC_LITERAL_CONVERSION = YES;
				CLANG_WARN_OBJC_ROOT_CLASS = YES_ERROR;
				CLANG_WARN_RANGE_LOOP_ANALYSIS = YES;
				CLANG_WARN_STRICT_PROTOTYPES = YES;
				CLANG_WARN_SUSPICIOUS_MOVE = YES;
				CLANG_WARN_UNGUARDED_AVAILABILITY = YES_AGGRESSIVE;
				CLANG_WARN_UNREACHABLE_CODE = YES;
				CLANG_WARN__DUPLICATE_METHOD_MATCH = YES;
				COPY_PHASE_STRIP = NO;
				DEBUG_INFORMATION_FORMAT = "dwarf-with-dsym";
				ENABLE_NS_ASSERTIONS = NO;
				ENABLE_STRICT_OBJC_MSGSEND = YES;
				GCC_C_LANGUAGE_STANDARD = gnu11;
				GCC_NO_COMMON_BLOCKS = YES;
				GCC_WARN_64_TO_32_BIT_CONVERSION = YES;
				GCC_WARN_ABOUT_RETURN_TYPE = YES_ERROR;
				GCC_WARN_UNDECLARED_SELECTOR = YES;
				GCC_WARN_UNINITIALIZED_AUTOS = YES_AGGRESSIVE;
				GCC_WARN_UNUSED_FUNCTION = YES;
				GCC_WARN_UNUSED_VARIABLE = YES;
				IPHONEOS_DEPLOYMENT_TARGET = 13.0;
				MTL_ENABLE_DEBUG_INFO = NO;
				MTL_FAST_MATH = YES;
				SDKROOT = iphoneos;
				SWIFT_COMPILATION_MODE = wholemodule;
				SWIFT_OPTIMIZATION_LEVEL = "-O";
				VALIDATE_PRODUCT = YES;
			};
			name = Release;
		};
		830042BE248A589A00F1D179 /* Debug */ = {
			isa = XCBuildConfiguration;
			buildSettings = {
				ASSETCATALOG_COMPILER_APPICON_NAME = AppIcon;
				CODE_SIGN_STYLE = Automatic;
				DEVELOPMENT_TEAM = U3K5Z68446;
				INFOPLIST_FILE = PanoView/Info.plist;
				LD_RUNPATH_SEARCH_PATHS = (
					"$(inherited)",
					"@executable_path/Frameworks",
				);
				PRODUCT_BUNDLE_IDENTIFIER = com.arifsetyoaji.PanoView;
				PRODUCT_NAME = "$(TARGET_NAME)";
				SWIFT_VERSION = 5.0;
				TARGETED_DEVICE_FAMILY = "1,2";
			};
			name = Debug;
		};
		830042BF248A589A00F1D179 /* Release */ = {
			isa = XCBuildConfiguration;
			buildSettings = {
				ASSETCATALOG_COMPILER_APPICON_NAME = AppIcon;
				CODE_SIGN_STYLE = Automatic;
				DEVELOPMENT_TEAM = U3K5Z68446;
				INFOPLIST_FILE = PanoView/Info.plist;
				LD_RUNPATH_SEARCH_PATHS = (
					"$(inherited)",
					"@executable_path/Frameworks",
				);
				PRODUCT_BUNDLE_IDENTIFIER = com.arifsetyoaji.PanoView;
				PRODUCT_NAME = "$(TARGET_NAME)";
				SWIFT_VERSION = 5.0;
				TARGETED_DEVICE_FAMILY = "1,2";
			};
			name = Release;
		};
/* End XCBuildConfiguration section */

/* Begin XCConfigurationList section */
		830042A4248A589800F1D179 /* Build configuration list for PBXProject "PanoView" */ = {
			isa = XCConfigurationList;
			buildConfigurations = (
				830042BB248A589A00F1D179 /* Debug */,
				830042BC248A589A00F1D179 /* Release */,
			);
			defaultConfigurationIsVisible = 0;
			defaultConfigurationName = Release;
		};
		830042BD248A589A00F1D179 /* Build configuration list for PBXNativeTarget "PanoView" */ = {
			isa = XCConfigurationList;
			buildConfigurations = (
				830042BE248A589A00F1D179 /* Debug */,
				830042BF248A589A00F1D179 /* Release */,
			);
			defaultConfigurationIsVisible = 0;
			defaultConfigurationName = Release;
		};
/* End XCConfigurationList section */
	};
	rootObject = 830042A1248A589800F1D179 /* Project object */;
}
