// !$*UTF8*$!
{
	archiveVersion = 1;
	classes = {
	};
	objectVersion = 50;
	objects = {

/* Begin PBXBuildFile section */
		378007C624914DBA00D8E5AC /* Category.storyboard in Resources */ = {isa = PBXBuildFile; fileRef = 378007C524914DBA00D8E5AC /* Category.storyboard */; };
		378007C8249154A800D8E5AC /* Main.storyboard in Resources */ = {isa = PBXBuildFile; fileRef = 378007C7249154A800D8E5AC /* Main.storyboard */; };
		378007CA2491557F00D8E5AC /* Panorama.storyboard in Resources */ = {isa = PBXBuildFile; fileRef = 378007C92491557F00D8E5AC /* Panorama.storyboard */; };
		378007CC249155A600D8E5AC /* PanoramaViewController.swift in Sources */ = {isa = PBXBuildFile; fileRef = 378007CB249155A600D8E5AC /* PanoramaViewController.swift */; };
		378007CF2491EC5C00D8E5AC /* PanoView.xcdatamodeld in Sources */ = {isa = PBXBuildFile; fileRef = 378007CD2491EC5C00D8E5AC /* PanoView.xcdatamodeld */; };
		378007D12491EE3300D8E5AC /* CoreDataHelper.swift in Sources */ = {isa = PBXBuildFile; fileRef = 378007D02491EE3300D8E5AC /* CoreDataHelper.swift */; };
		378007D32491EE7E00D8E5AC /* Extension.swift in Sources */ = {isa = PBXBuildFile; fileRef = 378007D22491EE7E00D8E5AC /* Extension.swift */; };
		378007D52491EEDA00D8E5AC /* Photo+Extensions.swift in Sources */ = {isa = PBXBuildFile; fileRef = 378007D42491EEDA00D8E5AC /* Photo+Extensions.swift */; };
		378007E92492181B00D8E5AC /* Constants.swift in Sources */ = {isa = PBXBuildFile; fileRef = 378007E82492181B00D8E5AC /* Constants.swift */; };
		378007EB249291AE00D8E5AC /* CategoryViewController.swift in Sources */ = {isa = PBXBuildFile; fileRef = 378007EA249291AE00D8E5AC /* CategoryViewController.swift */; };
		378007EF24931C8400D8E5AC /* CategoryCell.swift in Sources */ = {isa = PBXBuildFile; fileRef = 378007ED24931C8400D8E5AC /* CategoryCell.swift */; };
		378007F024931C8400D8E5AC /* CategoryCell.xib in Resources */ = {isa = PBXBuildFile; fileRef = 378007EE24931C8400D8E5AC /* CategoryCell.xib */; };
		378007F72493A5D300D8E5AC /* PhotoCategoryCell.swift in Sources */ = {isa = PBXBuildFile; fileRef = 378007F52493A5D300D8E5AC /* PhotoCategoryCell.swift */; };
		378007F82493A5D300D8E5AC /* PhotoCategoryCell.xib in Resources */ = {isa = PBXBuildFile; fileRef = 378007F62493A5D300D8E5AC /* PhotoCategoryCell.xib */; };
		378007FA2493A62100D8E5AC /* DummyData.swift in Sources */ = {isa = PBXBuildFile; fileRef = 378007F92493A62100D8E5AC /* DummyData.swift */; };
		3780080A249754C200D8E5AC /* forest.mp3 in Resources */ = {isa = PBXBuildFile; fileRef = 37800808249754C200D8E5AC /* forest.mp3 */; };
		3780080B249754C200D8E5AC /* restaurant.mp3 in Resources */ = {isa = PBXBuildFile; fileRef = 37800809249754C200D8E5AC /* restaurant.mp3 */; };
		37D625122491492A00E33948 /* Galleries.storyboard in Resources */ = {isa = PBXBuildFile; fileRef = 37D625112491492A00E33948 /* Galleries.storyboard */; };
		37D6251824914B9600E33948 /* Search.storyboard in Resources */ = {isa = PBXBuildFile; fileRef = 37D6251724914B9600E33948 /* Search.storyboard */; };
		830042AD248A589800F1D179 /* AppDelegate.swift in Sources */ = {isa = PBXBuildFile; fileRef = 830042AC248A589800F1D179 /* AppDelegate.swift */; };
		830042AF248A589800F1D179 /* SceneDelegate.swift in Sources */ = {isa = PBXBuildFile; fileRef = 830042AE248A589800F1D179 /* SceneDelegate.swift */; };
		830042B1248A589800F1D179 /* ViewController.swift in Sources */ = {isa = PBXBuildFile; fileRef = 830042B0248A589800F1D179 /* ViewController.swift */; };
		830042B6248A589A00F1D179 /* Assets.xcassets in Resources */ = {isa = PBXBuildFile; fileRef = 830042B5248A589A00F1D179 /* Assets.xcassets */; };
		830042B9248A589A00F1D179 /* LaunchScreen.storyboard in Resources */ = {isa = PBXBuildFile; fileRef = 830042B7248A589A00F1D179 /* LaunchScreen.storyboard */; };
		830042C1248A598100F1D179 /* Hellbrunn25.jpg in Resources */ = {isa = PBXBuildFile; fileRef = 830042C0248A598100F1D179 /* Hellbrunn25.jpg */; };
		8344A7F32495C60100595DF3 /* GalleryCollectionVC.swift in Sources */ = {isa = PBXBuildFile; fileRef = 8344A7F22495C60100595DF3 /* GalleryCollectionVC.swift */; };
		8344A7F62495C6EF00595DF3 /* GalleryCollectionCell.swift in Sources */ = {isa = PBXBuildFile; fileRef = 8344A7F52495C6EF00595DF3 /* GalleryCollectionCell.swift */; };
		8344A7F82495CC3400595DF3 /* SelectedImageVC.swift in Sources */ = {isa = PBXBuildFile; fileRef = 8344A7F72495CC3400595DF3 /* SelectedImageVC.swift */; };
/* End PBXBuildFile section */

/* Begin PBXFileReference section */
		378007C524914DBA00D8E5AC /* Category.storyboard */ = {isa = PBXFileReference; fileEncoding = 4; lastKnownFileType = file.storyboard; path = Category.storyboard; sourceTree = "<group>"; };
		378007C7249154A800D8E5AC /* Main.storyboard */ = {isa = PBXFileReference; fileEncoding = 4; lastKnownFileType = file.storyboard; path = Main.storyboard; sourceTree = "<group>"; };
		378007C92491557F00D8E5AC /* Panorama.storyboard */ = {isa = PBXFileReference; fileEncoding = 4; lastKnownFileType = file.storyboard; path = Panorama.storyboard; sourceTree = "<group>"; };
		378007CB249155A600D8E5AC /* PanoramaViewController.swift */ = {isa = PBXFileReference; fileEncoding = 4; lastKnownFileType = sourcecode.swift; path = PanoramaViewController.swift; sourceTree = "<group>"; };
		378007CE2491EC5C00D8E5AC /* PanoView.xcdatamodel */ = {isa = PBXFileReference; lastKnownFileType = wrapper.xcdatamodel; path = PanoView.xcdatamodel; sourceTree = "<group>"; };
		378007D02491EE3300D8E5AC /* CoreDataHelper.swift */ = {isa = PBXFileReference; lastKnownFileType = sourcecode.swift; path = CoreDataHelper.swift; sourceTree = "<group>"; };
		378007D22491EE7E00D8E5AC /* Extension.swift */ = {isa = PBXFileReference; lastKnownFileType = sourcecode.swift; path = Extension.swift; sourceTree = "<group>"; };
		378007D42491EEDA00D8E5AC /* Photo+Extensions.swift */ = {isa = PBXFileReference; lastKnownFileType = sourcecode.swift; path = "Photo+Extensions.swift"; sourceTree = "<group>"; };
		378007E82492181B00D8E5AC /* Constants.swift */ = {isa = PBXFileReference; lastKnownFileType = sourcecode.swift; path = Constants.swift; sourceTree = "<group>"; };
		378007EA249291AE00D8E5AC /* CategoryViewController.swift */ = {isa = PBXFileReference; lastKnownFileType = sourcecode.swift; path = CategoryViewController.swift; sourceTree = "<group>"; };
		378007ED24931C8400D8E5AC /* CategoryCell.swift */ = {isa = PBXFileReference; lastKnownFileType = sourcecode.swift; path = CategoryCell.swift; sourceTree = "<group>"; };
		378007EE24931C8400D8E5AC /* CategoryCell.xib */ = {isa = PBXFileReference; lastKnownFileType = file.xib; path = CategoryCell.xib; sourceTree = "<group>"; };
		378007F52493A5D300D8E5AC /* PhotoCategoryCell.swift */ = {isa = PBXFileReference; lastKnownFileType = sourcecode.swift; path = PhotoCategoryCell.swift; sourceTree = "<group>"; };
		378007F62493A5D300D8E5AC /* PhotoCategoryCell.xib */ = {isa = PBXFileReference; lastKnownFileType = file.xib; path = PhotoCategoryCell.xib; sourceTree = "<group>"; };
		378007F92493A62100D8E5AC /* DummyData.swift */ = {isa = PBXFileReference; lastKnownFileType = sourcecode.swift; path = DummyData.swift; sourceTree = "<group>"; };
		37800808249754C200D8E5AC /* forest.mp3 */ = {isa = PBXFileReference; lastKnownFileType = audio.mp3; path = forest.mp3; sourceTree = "<group>"; };
		37800809249754C200D8E5AC /* restaurant.mp3 */ = {isa = PBXFileReference; lastKnownFileType = audio.mp3; path = restaurant.mp3; sourceTree = "<group>"; };
		37D625112491492A00E33948 /* Galleries.storyboard */ = {isa = PBXFileReference; fileEncoding = 4; lastKnownFileType = file.storyboard; path = Galleries.storyboard; sourceTree = "<group>"; };
		37D6251724914B9600E33948 /* Search.storyboard */ = {isa = PBXFileReference; fileEncoding = 4; lastKnownFileType = file.storyboard; path = Search.storyboard; sourceTree = "<group>"; };
		830042A9248A589800F1D179 /* Vipiee.app */ = {isa = PBXFileReference; explicitFileType = wrapper.application; includeInIndex = 0; path = Vipiee.app; sourceTree = BUILT_PRODUCTS_DIR; };
		830042AC248A589800F1D179 /* AppDelegate.swift */ = {isa = PBXFileReference; lastKnownFileType = sourcecode.swift; path = AppDelegate.swift; sourceTree = "<group>"; };
		830042AE248A589800F1D179 /* SceneDelegate.swift */ = {isa = PBXFileReference; lastKnownFileType = sourcecode.swift; path = SceneDelegate.swift; sourceTree = "<group>"; };
		830042B0248A589800F1D179 /* ViewController.swift */ = {isa = PBXFileReference; lastKnownFileType = sourcecode.swift; path = ViewController.swift; sourceTree = "<group>"; };
		830042B5248A589A00F1D179 /* Assets.xcassets */ = {isa = PBXFileReference; lastKnownFileType = folder.assetcatalog; path = Assets.xcassets; sourceTree = "<group>"; };
		830042B8248A589A00F1D179 /* Base */ = {isa = PBXFileReference; lastKnownFileType = file.storyboard; name = Base; path = Base.lproj/LaunchScreen.storyboard; sourceTree = "<group>"; };
		830042BA248A589A00F1D179 /* Info.plist */ = {isa = PBXFileReference; lastKnownFileType = text.plist.xml; path = Info.plist; sourceTree = "<group>"; };
		830042C0248A598100F1D179 /* Hellbrunn25.jpg */ = {isa = PBXFileReference; lastKnownFileType = image.jpeg; path = Hellbrunn25.jpg; sourceTree = "<group>"; };
		8344A7F22495C60100595DF3 /* GalleryCollectionVC.swift */ = {isa = PBXFileReference; lastKnownFileType = sourcecode.swift; path = GalleryCollectionVC.swift; sourceTree = "<group>"; };
		8344A7F52495C6EF00595DF3 /* GalleryCollectionCell.swift */ = {isa = PBXFileReference; lastKnownFileType = sourcecode.swift; path = GalleryCollectionCell.swift; sourceTree = "<group>"; };
		8344A7F72495CC3400595DF3 /* SelectedImageVC.swift */ = {isa = PBXFileReference; lastKnownFileType = sourcecode.swift; path = SelectedImageVC.swift; sourceTree = "<group>"; };
/* End PBXFileReference section */

/* Begin PBXFrameworksBuildPhase section */
		830042A6248A589800F1D179 /* Frameworks */ = {
			isa = PBXFrameworksBuildPhase;
			buildActionMask = 2147483647;
			files = (
			);
			runOnlyForDeploymentPostprocessing = 0;
		};
/* End PBXFrameworksBuildPhase section */

/* Begin PBXGroup section */
		378007EC24931C5300D8E5AC /* View */ = {
			isa = PBXGroup;
			children = (
				378007F22493A4F500D8E5AC /* Storyboard */,
				378007F12493A4EB00D8E5AC /* Cell */,
			);
			path = View;
			sourceTree = "<group>";
		};
		378007F12493A4EB00D8E5AC /* Cell */ = {
			isa = PBXGroup;
			children = (
				378007ED24931C8400D8E5AC /* CategoryCell.swift */,
				378007EE24931C8400D8E5AC /* CategoryCell.xib */,
				378007F52493A5D300D8E5AC /* PhotoCategoryCell.swift */,
				378007F62493A5D300D8E5AC /* PhotoCategoryCell.xib */,
			);
			path = Cell;
			sourceTree = "<group>";
		};
		378007F22493A4F500D8E5AC /* Storyboard */ = {
			isa = PBXGroup;
			children = (
				378007C524914DBA00D8E5AC /* Category.storyboard */,
			);
			path = Storyboard;
			sourceTree = "<group>";
		};
		378007F42493A52100D8E5AC /* Controller */ = {
			isa = PBXGroup;
			children = (
				378007EA249291AE00D8E5AC /* CategoryViewController.swift */,
			);
			path = Controller;
			sourceTree = "<group>";
		};
		378008072497549800D8E5AC /* Assets */ = {
			isa = PBXGroup;
			children = (
				37800808249754C200D8E5AC /* forest.mp3 */,
				37800809249754C200D8E5AC /* restaurant.mp3 */,
			);
			path = Assets;
			sourceTree = "<group>";
		};
		37D62510249148EA00E33948 /* Gallery */ = {
			isa = PBXGroup;
			children = (
				8344A7F42495C62400595DF3 /* View */,
				8344A7F12495C58C00595DF3 /* Controller */,
			);
			path = Gallery;
			sourceTree = "<group>";
		};
		37D6251324914B1000E33948 /* Search */ = {
			isa = PBXGroup;
			children = (
				37D6251724914B9600E33948 /* Search.storyboard */,
			);
			path = Search;
			sourceTree = "<group>";
		};
		37D6251424914B3900E33948 /* Base */ = {
			isa = PBXGroup;
			children = (
				378007C7249154A800D8E5AC /* Main.storyboard */,
				378007D02491EE3300D8E5AC /* CoreDataHelper.swift */,
				378007D22491EE7E00D8E5AC /* Extension.swift */,
				378007D42491EEDA00D8E5AC /* Photo+Extensions.swift */,
				378007E82492181B00D8E5AC /* Constants.swift */,
				378007F92493A62100D8E5AC /* DummyData.swift */,
			);
			path = Base;
			sourceTree = "<group>";
		};
		37D6251524914B3F00E33948 /* Category */ = {
			isa = PBXGroup;
			children = (
				378007F42493A52100D8E5AC /* Controller */,
				378007EC24931C5300D8E5AC /* View */,
			);
			path = Category;
			sourceTree = "<group>";
		};
		37D6251624914B4700E33948 /* CameraMode */ = {
			isa = PBXGroup;
			children = (
				378007CB249155A600D8E5AC /* PanoramaViewController.swift */,
				378007C92491557F00D8E5AC /* Panorama.storyboard */,
			);
			path = CameraMode;
			sourceTree = "<group>";
		};
		830042A0248A589800F1D179 = {
			isa = PBXGroup;
			children = (
				830042AB248A589800F1D179 /* PanoView */,
				830042AA248A589800F1D179 /* Products */,
			);
			sourceTree = "<group>";
		};
		830042AA248A589800F1D179 /* Products */ = {
			isa = PBXGroup;
			children = (
				830042A9248A589800F1D179 /* Vipiee.app */,
			);
			name = Products;
			sourceTree = "<group>";
		};
		830042AB248A589800F1D179 /* PanoView */ = {
			isa = PBXGroup;
			children = (
				378008072497549800D8E5AC /* Assets */,
				37D6251624914B4700E33948 /* CameraMode */,
				37D6251524914B3F00E33948 /* Category */,
				37D6251424914B3900E33948 /* Base */,
				37D6251324914B1000E33948 /* Search */,
				37D62510249148EA00E33948 /* Gallery */,
				830042AC248A589800F1D179 /* AppDelegate.swift */,
				830042AE248A589800F1D179 /* SceneDelegate.swift */,
				830042B0248A589800F1D179 /* ViewController.swift */,
				830042B5248A589A00F1D179 /* Assets.xcassets */,
				830042C0248A598100F1D179 /* Hellbrunn25.jpg */,
				830042B7248A589A00F1D179 /* LaunchScreen.storyboard */,
				830042BA248A589A00F1D179 /* Info.plist */,
				378007CD2491EC5C00D8E5AC /* PanoView.xcdatamodeld */,
			);
			path = PanoView;
			sourceTree = "<group>";
		};
		8344A7F12495C58C00595DF3 /* Controller */ = {
			isa = PBXGroup;
			children = (
				8344A7F22495C60100595DF3 /* GalleryCollectionVC.swift */,
				8344A7F52495C6EF00595DF3 /* GalleryCollectionCell.swift */,
				8344A7F72495CC3400595DF3 /* SelectedImageVC.swift */,
			);
			path = Controller;
			sourceTree = "<group>";
		};
		8344A7F42495C62400595DF3 /* View */ = {
			isa = PBXGroup;
			children = (
				37D625112491492A00E33948 /* Galleries.storyboard */,
			);
			path = View;
			sourceTree = "<group>";
		};
/* End PBXGroup section */

/* Begin PBXNativeTarget section */
		830042A8248A589800F1D179 /* PanoView */ = {
			isa = PBXNativeTarget;
			buildConfigurationList = 830042BD248A589A00F1D179 /* Build configuration list for PBXNativeTarget "PanoView" */;
			buildPhases = (
				830042A5248A589800F1D179 /* Sources */,
				830042A6248A589800F1D179 /* Frameworks */,
				830042A7248A589800F1D179 /* Resources */,
			);
			buildRules = (
			);
			dependencies = (
			);
			name = PanoView;
			productName = PanoView;
			productReference = 830042A9248A589800F1D179 /* Vipiee.app */;
			productType = "com.apple.product-type.application";
		};
/* End PBXNativeTarget section */

/* Begin PBXProject section */
		830042A1248A589800F1D179 /* Project object */ = {
			isa = PBXProject;
			attributes = {
				LastSwiftUpdateCheck = 1150;
				LastUpgradeCheck = 1150;
				ORGANIZATIONNAME = "Muhammad Arif Setyo Aji";
				TargetAttributes = {
					830042A8248A589800F1D179 = {
						CreatedOnToolsVersion = 11.5;
					};
				};
			};
			buildConfigurationList = 830042A4248A589800F1D179 /* Build configuration list for PBXProject "PanoView" */;
			compatibilityVersion = "Xcode 9.3";
			developmentRegion = en;
			hasScannedForEncodings = 0;
			knownRegions = (
				en,
				Base,
			);
			mainGroup = 830042A0248A589800F1D179;
			productRefGroup = 830042AA248A589800F1D179 /* Products */;
			projectDirPath = "";
			projectRoot = "";
			targets = (
				830042A8248A589800F1D179 /* PanoView */,
			);
		};
/* End PBXProject section */

/* Begin PBXResourcesBuildPhase section */
		830042A7248A589800F1D179 /* Resources */ = {
			isa = PBXResourcesBuildPhase;
			buildActionMask = 2147483647;
			files = (
				378007C624914DBA00D8E5AC /* Category.storyboard in Resources */,
				3780080B249754C200D8E5AC /* restaurant.mp3 in Resources */,
				378007CA2491557F00D8E5AC /* Panorama.storyboard in Resources */,
				830042B9248A589A00F1D179 /* LaunchScreen.storyboard in Resources */,
				37D625122491492A00E33948 /* Galleries.storyboard in Resources */,
				3780080A249754C200D8E5AC /* forest.mp3 in Resources */,
				378007C8249154A800D8E5AC /* Main.storyboard in Resources */,
				830042B6248A589A00F1D179 /* Assets.xcassets in Resources */,
				37D6251824914B9600E33948 /* Search.storyboard in Resources */,
				378007F024931C8400D8E5AC /* CategoryCell.xib in Resources */,
				378007F82493A5D300D8E5AC /* PhotoCategoryCell.xib in Resources */,
				830042C1248A598100F1D179 /* Hellbrunn25.jpg in Resources */,
			);
			runOnlyForDeploymentPostprocessing = 0;
		};
/* End PBXResourcesBuildPhase section */

/* Begin PBXSourcesBuildPhase section */
		830042A5248A589800F1D179 /* Sources */ = {
			isa = PBXSourcesBuildPhase;
			buildActionMask = 2147483647;
			files = (
				378007EB249291AE00D8E5AC /* CategoryViewController.swift in Sources */,
				378007D12491EE3300D8E5AC /* CoreDataHelper.swift in Sources */,
				830042B1248A589800F1D179 /* ViewController.swift in Sources */,
				378007D32491EE7E00D8E5AC /* Extension.swift in Sources */,
				378007CC249155A600D8E5AC /* PanoramaViewController.swift in Sources */,
				8344A7F82495CC3400595DF3 /* SelectedImageVC.swift in Sources */,
				830042AD248A589800F1D179 /* AppDelegate.swift in Sources */,
				378007F72493A5D300D8E5AC /* PhotoCategoryCell.swift in Sources */,
				378007CF2491EC5C00D8E5AC /* PanoView.xcdatamodeld in Sources */,
				378007D52491EEDA00D8E5AC /* Photo+Extensions.swift in Sources */,
				830042AF248A589800F1D179 /* SceneDelegate.swift in Sources */,
				378007E92492181B00D8E5AC /* Constants.swift in Sources */,
				8344A7F62495C6EF00595DF3 /* GalleryCollectionCell.swift in Sources */,
				8344A7F32495C60100595DF3 /* GalleryCollectionVC.swift in Sources */,
				378007FA2493A62100D8E5AC /* DummyData.swift in Sources */,
				378007EF24931C8400D8E5AC /* CategoryCell.swift in Sources */,
			);
			runOnlyForDeploymentPostprocessing = 0;
		};
/* End PBXSourcesBuildPhase section */

/* Begin PBXVariantGroup section */
		830042B7248A589A00F1D179 /* LaunchScreen.storyboard */ = {
			isa = PBXVariantGroup;
			children = (
				830042B8248A589A00F1D179 /* Base */,
			);
			name = LaunchScreen.storyboard;
			sourceTree = "<group>";
		};
/* End PBXVariantGroup section */

/* Begin XCBuildConfiguration section */
		830042BB248A589A00F1D179 /* Debug */ = {
			isa = XCBuildConfiguration;
			buildSettings = {
				ALWAYS_SEARCH_USER_PATHS = NO;
				CLANG_ANALYZER_NONNULL = YES;
				CLANG_ANALYZER_NUMBER_OBJECT_CONVERSION = YES_AGGRESSIVE;
				CLANG_CXX_LANGUAGE_STANDARD = "gnu++14";
				CLANG_CXX_LIBRARY = "libc++";
				CLANG_ENABLE_MODULES = YES;
				CLANG_ENABLE_OBJC_ARC = YES;
				CLANG_ENABLE_OBJC_WEAK = YES;
				CLANG_WARN_BLOCK_CAPTURE_AUTORELEASING = YES;
				CLANG_WARN_BOOL_CONVERSION = YES;
				CLANG_WARN_COMMA = YES;
				CLANG_WARN_CONSTANT_CONVERSION = YES;
				CLANG_WARN_DEPRECATED_OBJC_IMPLEMENTATIONS = YES;
				CLANG_WARN_DIRECT_OBJC_ISA_USAGE = YES_ERROR;
				CLANG_WARN_DOCUMENTATION_COMMENTS = YES;
				CLANG_WARN_EMPTY_BODY = YES;
				CLANG_WARN_ENUM_CONVERSION = YES;
				CLANG_WARN_INFINITE_RECURSION = YES;
				CLANG_WARN_INT_CONVERSION = YES;
				CLANG_WARN_NON_LITERAL_NULL_CONVERSION = YES;
				CLANG_WARN_OBJC_IMPLICIT_RETAIN_SELF = YES;
				CLANG_WARN_OBJC_LITERAL_CONVERSION = YES;
				CLANG_WARN_OBJC_ROOT_CLASS = YES_ERROR;
				CLANG_WARN_RANGE_LOOP_ANALYSIS = YES;
				CLANG_WARN_STRICT_PROTOTYPES = YES;
				CLANG_WARN_SUSPICIOUS_MOVE = YES;
				CLANG_WARN_UNGUARDED_AVAILABILITY = YES_AGGRESSIVE;
				CLANG_WARN_UNREACHABLE_CODE = YES;
				CLANG_WARN__DUPLICATE_METHOD_MATCH = YES;
				COPY_PHASE_STRIP = NO;
				DEBUG_INFORMATION_FORMAT = dwarf;
				ENABLE_STRICT_OBJC_MSGSEND = YES;
				ENABLE_TESTABILITY = YES;
				GCC_C_LANGUAGE_STANDARD = gnu11;
				GCC_DYNAMIC_NO_PIC = NO;
				GCC_NO_COMMON_BLOCKS = YES;
				GCC_OPTIMIZATION_LEVEL = 0;
				GCC_PREPROCESSOR_DEFINITIONS = (
					"DEBUG=1",
					"$(inherited)",
				);
				GCC_WARN_64_TO_32_BIT_CONVERSION = YES;
				GCC_WARN_ABOUT_RETURN_TYPE = YES_ERROR;
				GCC_WARN_UNDECLARED_SELECTOR = YES;
				GCC_WARN_UNINITIALIZED_AUTOS = YES_AGGRESSIVE;
				GCC_WARN_UNUSED_FUNCTION = YES;
				GCC_WARN_UNUSED_VARIABLE = YES;
				IPHONEOS_DEPLOYMENT_TARGET = 13.0;
				MTL_ENABLE_DEBUG_INFO = INCLUDE_SOURCE;
				MTL_FAST_MATH = YES;
				ONLY_ACTIVE_ARCH = YES;
				SDKROOT = iphoneos;
				SWIFT_ACTIVE_COMPILATION_CONDITIONS = DEBUG;
				SWIFT_OPTIMIZATION_LEVEL = "-Onone";
			};
			name = Debug;
		};
		830042BC248A589A00F1D179 /* Release */ = {
			isa = XCBuildConfiguration;
			buildSettings = {
				ALWAYS_SEARCH_USER_PATHS = NO;
				CLANG_ANALYZER_NONNULL = YES;
				CLANG_ANALYZER_NUMBER_OBJECT_CONVERSION = YES_AGGRESSIVE;
				CLANG_CXX_LANGUAGE_STANDARD = "gnu++14";
				CLANG_CXX_LIBRARY = "libc++";
				CLANG_ENABLE_MODULES = YES;
				CLANG_ENABLE_OBJC_ARC = YES;
				CLANG_ENABLE_OBJC_WEAK = YES;
				CLANG_WARN_BLOCK_CAPTURE_AUTORELEASING = YES;
				CLANG_WARN_BOOL_CONVERSION = YES;
				CLANG_WARN_COMMA = YES;
				CLANG_WARN_CONSTANT_CONVERSION = YES;
				CLANG_WARN_DEPRECATED_OBJC_IMPLEMENTATIONS = YES;
				CLANG_WARN_DIRECT_OBJC_ISA_USAGE = YES_ERROR;
				CLANG_WARN_DOCUMENTATION_COMMENTS = YES;
				CLANG_WARN_EMPTY_BODY = YES;
				CLANG_WARN_ENUM_CONVERSION = YES;
				CLANG_WARN_INFINITE_RECURSION = YES;
				CLANG_WARN_INT_CONVERSION = YES;
				CLANG_WARN_NON_LITERAL_NULL_CONVERSION = YES;
				CLANG_WARN_OBJC_IMPLICIT_RETAIN_SELF = YES;
				CLANG_WARN_OBJC_LITERAL_CONVERSION = YES;
				CLANG_WARN_OBJC_ROOT_CLASS = YES_ERROR;
				CLANG_WARN_RANGE_LOOP_ANALYSIS = YES;
				CLANG_WARN_STRICT_PROTOTYPES = YES;
				CLANG_WARN_SUSPICIOUS_MOVE = YES;
				CLANG_WARN_UNGUARDED_AVAILABILITY = YES_AGGRESSIVE;
				CLANG_WARN_UNREACHABLE_CODE = YES;
				CLANG_WARN__DUPLICATE_METHOD_MATCH = YES;
				COPY_PHASE_STRIP = NO;
				DEBUG_INFORMATION_FORMAT = "dwarf-with-dsym";
				ENABLE_NS_ASSERTIONS = NO;
				ENABLE_STRICT_OBJC_MSGSEND = YES;
				GCC_C_LANGUAGE_STANDARD = gnu11;
				GCC_NO_COMMON_BLOCKS = YES;
				GCC_WARN_64_TO_32_BIT_CONVERSION = YES;
				GCC_WARN_ABOUT_RETURN_TYPE = YES_ERROR;
				GCC_WARN_UNDECLARED_SELECTOR = YES;
				GCC_WARN_UNINITIALIZED_AUTOS = YES_AGGRESSIVE;
				GCC_WARN_UNUSED_FUNCTION = YES;
				GCC_WARN_UNUSED_VARIABLE = YES;
				IPHONEOS_DEPLOYMENT_TARGET = 13.0;
				MTL_ENABLE_DEBUG_INFO = NO;
				MTL_FAST_MATH = YES;
				SDKROOT = iphoneos;
				SWIFT_COMPILATION_MODE = wholemodule;
				SWIFT_OPTIMIZATION_LEVEL = "-O";
				VALIDATE_PRODUCT = YES;
			};
			name = Release;
		};
		830042BE248A589A00F1D179 /* Debug */ = {
			isa = XCBuildConfiguration;
			buildSettings = {
				ASSETCATALOG_COMPILER_APPICON_NAME = AppIcon;
				CODE_SIGN_STYLE = Automatic;
				DEVELOPMENT_TEAM = U3K5Z68446;
				INFOPLIST_FILE = PanoView/Info.plist;
				LD_RUNPATH_SEARCH_PATHS = (
					"$(inherited)",
					"@executable_path/Frameworks",
				);
				PRODUCT_BUNDLE_IDENTIFIER = com.arifsetyoaji.PanoView;
				PRODUCT_NAME = Vipiee;
				SWIFT_VERSION = 5.0;
				TARGETED_DEVICE_FAMILY = "1,2";
			};
			name = Debug;
		};
		830042BF248A589A00F1D179 /* Release */ = {
			isa = XCBuildConfiguration;
			buildSettings = {
				ASSETCATALOG_COMPILER_APPICON_NAME = AppIcon;
				CODE_SIGN_STYLE = Automatic;
				DEVELOPMENT_TEAM = U3K5Z68446;
				INFOPLIST_FILE = PanoView/Info.plist;
				LD_RUNPATH_SEARCH_PATHS = (
					"$(inherited)",
					"@executable_path/Frameworks",
				);
				PRODUCT_BUNDLE_IDENTIFIER = com.arifsetyoaji.PanoView;
				PRODUCT_NAME = Vipiee;
				SWIFT_VERSION = 5.0;
				TARGETED_DEVICE_FAMILY = "1,2";
			};
			name = Release;
		};
/* End XCBuildConfiguration section */

/* Begin XCConfigurationList section */
		830042A4248A589800F1D179 /* Build configuration list for PBXProject "PanoView" */ = {
			isa = XCConfigurationList;
			buildConfigurations = (
				830042BB248A589A00F1D179 /* Debug */,
				830042BC248A589A00F1D179 /* Release */,
			);
			defaultConfigurationIsVisible = 0;
			defaultConfigurationName = Release;
		};
		830042BD248A589A00F1D179 /* Build configuration list for PBXNativeTarget "PanoView" */ = {
			isa = XCConfigurationList;
			buildConfigurations = (
				830042BE248A589A00F1D179 /* Debug */,
				830042BF248A589A00F1D179 /* Release */,
			);
			defaultConfigurationIsVisible = 0;
			defaultConfigurationName = Release;
		};
/* End XCConfigurationList section */

/* Begin XCVersionGroup section */
		378007CD2491EC5C00D8E5AC /* PanoView.xcdatamodeld */ = {
			isa = XCVersionGroup;
			children = (
				378007CE2491EC5C00D8E5AC /* PanoView.xcdatamodel */,
			);
			currentVersion = 378007CE2491EC5C00D8E5AC /* PanoView.xcdatamodel */;
			path = PanoView.xcdatamodeld;
			sourceTree = "<group>";
			versionGroupType = wrapper.xcdatamodel;
		};
/* End XCVersionGroup section */
	};
	rootObject = 830042A1248A589800F1D179 /* Project object */;
}
